<Solution>
  <Project Path="WarehouseInvoiceSystem.Application/WarehouseInvoiceSystem.Application.csproj" />
  <Project Path="WarehouseInvoiceSystem.BlazorUI/WarehouseInvoiceSystem.BlazorUI.csproj" />
  <Project Path="WarehouseInvoiceSystem.Domain/WarehouseInvoiceSystem.Domain.csproj" />
  <Project Path="WarehouseInvoiceSystem.Infrastructure/WarehouseInvoiceSystem.Infrastructure.csproj" />
</Solution>
